// !$*UTF8*$!
{
	archiveVersion = 1;
	classes = {
	};
	objectVersion = 46;
	objects = {

/* Begin PBXBuildFile section */
		942FEC8FE75E3F6039E0E26F /* Pods_GYMBUDDY.framework in Frameworks */ = {isa = PBXBuildFile; fileRef = B747F93567D3FFC3DC391690 /* Pods_GYMBUDDY.framework */; };
		9804E3641F9860AA007D1173 /* DetailedWorkoutTableViewController.swift in Sources */ = {isa = PBXBuildFile; fileRef = 9804E3621F9860AA007D1173 /* DetailedWorkoutTableViewController.swift */; };
		9804E3651F9860AA007D1173 /* Home1ViewController.swift in Sources */ = {isa = PBXBuildFile; fileRef = 9804E3631F9860AA007D1173 /* Home1ViewController.swift */; };
		9804E3671F98622B007D1173 /* GoogleService-Info.plist in Resources */ = {isa = PBXBuildFile; fileRef = 9804E3661F98622B007D1173 /* GoogleService-Info.plist */; };
		D11AC8ED1F720C3400A9C3D5 /* AppDelegate.swift in Sources */ = {isa = PBXBuildFile; fileRef = D11AC8EC1F720C3400A9C3D5 /* AppDelegate.swift */; };
		D11AC8EF1F720C3400A9C3D5 /* ViewController.swift in Sources */ = {isa = PBXBuildFile; fileRef = D11AC8EE1F720C3400A9C3D5 /* ViewController.swift */; };
		D11AC8F21F720C3400A9C3D5 /* Main.storyboard in Resources */ = {isa = PBXBuildFile; fileRef = D11AC8F01F720C3400A9C3D5 /* Main.storyboard */; };
		D11AC8F41F720C3400A9C3D5 /* Assets.xcassets in Resources */ = {isa = PBXBuildFile; fileRef = D11AC8F31F720C3400A9C3D5 /* Assets.xcassets */; };
		D11AC8F71F720C3500A9C3D5 /* LaunchScreen.storyboard in Resources */ = {isa = PBXBuildFile; fileRef = D11AC8F51F720C3400A9C3D5 /* LaunchScreen.storyboard */; };
		D11AC9091F735A0600A9C3D5 /* HomeViewController.swift in Sources */ = {isa = PBXBuildFile; fileRef = D11AC9081F735A0600A9C3D5 /* HomeViewController.swift */; };
		D11AC90B1F735A0B00A9C3D5 /* LoginViewController.swift in Sources */ = {isa = PBXBuildFile; fileRef = D11AC90A1F735A0B00A9C3D5 /* LoginViewController.swift */; };
		D11AC9111F735A2000A9C3D5 /* SignUpViewController.swift in Sources */ = {isa = PBXBuildFile; fileRef = D11AC9101F735A2000A9C3D5 /* SignUpViewController.swift */; };
		D11AC9131F735C4B00A9C3D5 /* ResetPasswordViewController.swift in Sources */ = {isa = PBXBuildFile; fileRef = D11AC9121F735C4B00A9C3D5 /* ResetPasswordViewController.swift */; };
		D1D5877F1F74AFDE007EF939 /* HomePage.storyboard in Resources */ = {isa = PBXBuildFile; fileRef = D1D5877D1F74AFDE007EF939 /* HomePage.storyboard */; };
/* End PBXBuildFile section */

/* Begin PBXFileReference section */
		521E23A4D2160C99E6625775 /* Pods-GYMBUDDY.release.xcconfig */ = {isa = PBXFileReference; includeInIndex = 1; lastKnownFileType = text.xcconfig; name = "Pods-GYMBUDDY.release.xcconfig"; path = "Pods/Target Support Files/Pods-GYMBUDDY/Pods-GYMBUDDY.release.xcconfig"; sourceTree = "<group>"; };
		9804E3621F9860AA007D1173 /* DetailedWorkoutTableViewController.swift */ = {isa = PBXFileReference; fileEncoding = 4; lastKnownFileType = sourcecode.swift; path = DetailedWorkoutTableViewController.swift; sourceTree = "<group>"; };
		9804E3631F9860AA007D1173 /* Home1ViewController.swift */ = {isa = PBXFileReference; fileEncoding = 4; lastKnownFileType = sourcecode.swift; path = Home1ViewController.swift; sourceTree = "<group>"; };
		9804E3661F98622B007D1173 /* GoogleService-Info.plist */ = {isa = PBXFileReference; fileEncoding = 4; lastKnownFileType = text.plist.xml; name = "GoogleService-Info.plist"; path = "../../../../../Downloads/GoogleService-Info.plist"; sourceTree = "<group>"; };
		9F4A1C13729DFBD97370EF0F /* Pods-GYMBUDDY.debug.xcconfig */ = {isa = PBXFileReference; includeInIndex = 1; lastKnownFileType = text.xcconfig; name = "Pods-GYMBUDDY.debug.xcconfig"; path = "Pods/Target Support Files/Pods-GYMBUDDY/Pods-GYMBUDDY.debug.xcconfig"; sourceTree = "<group>"; };
		B747F93567D3FFC3DC391690 /* Pods_GYMBUDDY.framework */ = {isa = PBXFileReference; explicitFileType = wrapper.framework; includeInIndex = 0; path = Pods_GYMBUDDY.framework; sourceTree = BUILT_PRODUCTS_DIR; };
		D11AC8E91F720C3400A9C3D5 /* GYMBUDDY.app */ = {isa = PBXFileReference; explicitFileType = wrapper.application; includeInIndex = 0; path = GYMBUDDY.app; sourceTree = BUILT_PRODUCTS_DIR; };
		D11AC8EC1F720C3400A9C3D5 /* AppDelegate.swift */ = {isa = PBXFileReference; lastKnownFileType = sourcecode.swift; path = AppDelegate.swift; sourceTree = "<group>"; };
		D11AC8EE1F720C3400A9C3D5 /* ViewController.swift */ = {isa = PBXFileReference; lastKnownFileType = sourcecode.swift; path = ViewController.swift; sourceTree = "<group>"; };
		D11AC8F11F720C3400A9C3D5 /* Base */ = {isa = PBXFileReference; lastKnownFileType = file.storyboard; name = Base; path = Base.lproj/Main.storyboard; sourceTree = "<group>"; };
		D11AC8F31F720C3400A9C3D5 /* Assets.xcassets */ = {isa = PBXFileReference; lastKnownFileType = folder.assetcatalog; path = Assets.xcassets; sourceTree = "<group>"; };
		D11AC8F61F720C3500A9C3D5 /* Base */ = {isa = PBXFileReference; lastKnownFileType = file.storyboard; name = Base; path = Base.lproj/LaunchScreen.storyboard; sourceTree = "<group>"; };
		D11AC8F81F720C3500A9C3D5 /* Info.plist */ = {isa = PBXFileReference; lastKnownFileType = text.plist.xml; path = Info.plist; sourceTree = "<group>"; };
		D11AC9081F735A0600A9C3D5 /* HomeViewController.swift */ = {isa = PBXFileReference; fileEncoding = 4; lastKnownFileType = sourcecode.swift; path = HomeViewController.swift; sourceTree = "<group>"; };
		D11AC90A1F735A0B00A9C3D5 /* LoginViewController.swift */ = {isa = PBXFileReference; fileEncoding = 4; lastKnownFileType = sourcecode.swift; path = LoginViewController.swift; sourceTree = "<group>"; };
		D11AC9101F735A2000A9C3D5 /* SignUpViewController.swift */ = {isa = PBXFileReference; fileEncoding = 4; lastKnownFileType = sourcecode.swift; path = SignUpViewController.swift; sourceTree = "<group>"; };
		D11AC9121F735C4B00A9C3D5 /* ResetPasswordViewController.swift */ = {isa = PBXFileReference; fileEncoding = 4; lastKnownFileType = sourcecode.swift; path = ResetPasswordViewController.swift; sourceTree = "<group>"; };
		D1D5877E1F74AFDE007EF939 /* Base */ = {isa = PBXFileReference; lastKnownFileType = file.storyboard; name = Base; path = Base.lproj/HomePage.storyboard; sourceTree = "<group>"; };
/* End PBXFileReference section */

/* Begin PBXFrameworksBuildPhase section */
		D11AC8E61F720C3400A9C3D5 /* Frameworks */ = {
			isa = PBXFrameworksBuildPhase;
			buildActionMask = 2147483647;
			files = (
				942FEC8FE75E3F6039E0E26F /* Pods_GYMBUDDY.framework in Frameworks */,
			);
			runOnlyForDeploymentPostprocessing = 0;
		};
/* End PBXFrameworksBuildPhase section */

/* Begin PBXGroup section */
		1192A864066BCF4924905E92 /* Frameworks */ = {
			isa = PBXGroup;
			children = (
				B747F93567D3FFC3DC391690 /* Pods_GYMBUDDY.framework */,
			);
			name = Frameworks;
			sourceTree = "<group>";
		};
		D11AC8E01F720C3400A9C3D5 = {
			isa = PBXGroup;
			children = (
				D11AC8EB1F720C3400A9C3D5 /* GYMBUDDY */,
				D11AC8EA1F720C3400A9C3D5 /* Products */,
				DEAB02E42484A5BCC9A5C46C /* Pods */,
				1192A864066BCF4924905E92 /* Frameworks */,
			);
			sourceTree = "<group>";
		};
		D11AC8EA1F720C3400A9C3D5 /* Products */ = {
			isa = PBXGroup;
			children = (
				D11AC8E91F720C3400A9C3D5 /* GYMBUDDY.app */,
			);
			name = Products;
			sourceTree = "<group>";
		};
		D11AC8EB1F720C3400A9C3D5 /* GYMBUDDY */ = {
			isa = PBXGroup;
			children = (
				9804E3661F98622B007D1173 /* GoogleService-Info.plist */,
				9804E3621F9860AA007D1173 /* DetailedWorkoutTableViewController.swift */,
				9804E3631F9860AA007D1173 /* Home1ViewController.swift */,
				D11AC9121F735C4B00A9C3D5 /* ResetPasswordViewController.swift */,
				D11AC9081F735A0600A9C3D5 /* HomeViewController.swift */,
				D11AC8EC1F720C3400A9C3D5 /* AppDelegate.swift */,
				D11AC9101F735A2000A9C3D5 /* SignUpViewController.swift */,
				D11AC90A1F735A0B00A9C3D5 /* LoginViewController.swift */,
				D11AC8EE1F720C3400A9C3D5 /* ViewController.swift */,
				D11AC8F01F720C3400A9C3D5 /* Main.storyboard */,
				D1D5877D1F74AFDE007EF939 /* HomePage.storyboard */,
				D11AC8F31F720C3400A9C3D5 /* Assets.xcassets */,
				D11AC8F51F720C3400A9C3D5 /* LaunchScreen.storyboard */,
				D11AC8F81F720C3500A9C3D5 /* Info.plist */,
			);
			path = GYMBUDDY;
			sourceTree = "<group>";
		};
		DEAB02E42484A5BCC9A5C46C /* Pods */ = {
			isa = PBXGroup;
			children = (
				9F4A1C13729DFBD97370EF0F /* Pods-GYMBUDDY.debug.xcconfig */,
				521E23A4D2160C99E6625775 /* Pods-GYMBUDDY.release.xcconfig */,
			);
			name = Pods;
			sourceTree = "<group>";
		};
/* End PBXGroup section */

/* Begin PBXNativeTarget section */
		D11AC8E81F720C3400A9C3D5 /* GYMBUDDY */ = {
			isa = PBXNativeTarget;
			buildConfigurationList = D11AC8FB1F720C3500A9C3D5 /* Build configuration list for PBXNativeTarget "GYMBUDDY" */;
			buildPhases = (
				DB5217535440C04495234A32 /* [CP] Check Pods Manifest.lock */,
				D11AC8E51F720C3400A9C3D5 /* Sources */,
				D11AC8E61F720C3400A9C3D5 /* Frameworks */,
				D11AC8E71F720C3400A9C3D5 /* Resources */,
				D4372340F106972218AFC753 /* [CP] Embed Pods Frameworks */,
				5C1D61D3076EBD62A47B7075 /* [CP] Copy Pods Resources */,
			);
			buildRules = (
			);
			dependencies = (
			);
			name = GYMBUDDY;
			productName = GYMBUDDY;
			productReference = D11AC8E91F720C3400A9C3D5 /* GYMBUDDY.app */;
			productType = "com.apple.product-type.application";
		};
/* End PBXNativeTarget section */

/* Begin PBXProject section */
		D11AC8E11F720C3400A9C3D5 /* Project object */ = {
			isa = PBXProject;
			attributes = {
				LastSwiftUpdateCheck = 0830;
				LastUpgradeCheck = 0830;
				ORGANIZATIONNAME = Dhiman;
				TargetAttributes = {
					D11AC8E81F720C3400A9C3D5 = {
						CreatedOnToolsVersion = 8.3.3;
						DevelopmentTeam = 65ZG9A9ZUZ;
						ProvisioningStyle = Automatic;
					};
				};
			};
			buildConfigurationList = D11AC8E41F720C3400A9C3D5 /* Build configuration list for PBXProject "GYMBUDDY" */;
			compatibilityVersion = "Xcode 3.2";
			developmentRegion = English;
			hasScannedForEncodings = 0;
			knownRegions = (
				en,
				Base,
			);
			mainGroup = D11AC8E01F720C3400A9C3D5;
			productRefGroup = D11AC8EA1F720C3400A9C3D5 /* Products */;
			projectDirPath = "";
			projectRoot = "";
			targets = (
				D11AC8E81F720C3400A9C3D5 /* GYMBUDDY */,
			);
		};
/* End PBXProject section */

/* Begin PBXResourcesBuildPhase section */
		D11AC8E71F720C3400A9C3D5 /* Resources */ = {
			isa = PBXResourcesBuildPhase;
			buildActionMask = 2147483647;
			files = (
				D1D5877F1F74AFDE007EF939 /* HomePage.storyboard in Resources */,
				D11AC8F71F720C3500A9C3D5 /* LaunchScreen.storyboard in Resources */,
				9804E3671F98622B007D1173 /* GoogleService-Info.plist in Resources */,
				D11AC8F41F720C3400A9C3D5 /* Assets.xcassets in Resources */,
				D11AC8F21F720C3400A9C3D5 /* Main.storyboard in Resources */,
			);
			runOnlyForDeploymentPostprocessing = 0;
		};
/* End PBXResourcesBuildPhase section */

/* Begin PBXShellScriptBuildPhase section */
		5C1D61D3076EBD62A47B7075 /* [CP] Copy Pods Resources */ = {
			isa = PBXShellScriptBuildPhase;
			buildActionMask = 2147483647;
			files = (
			);
			inputPaths = (
			);
			name = "[CP] Copy Pods Resources";
			outputPaths = (
			);
			runOnlyForDeploymentPostprocessing = 0;
			shellPath = /bin/sh;
			shellScript = "\"${SRCROOT}/Pods/Target Support Files/Pods-GYMBUDDY/Pods-GYMBUDDY-resources.sh\"\n";
			showEnvVarsInLog = 0;
		};
		D4372340F106972218AFC753 /* [CP] Embed Pods Frameworks */ = {
			isa = PBXShellScriptBuildPhase;
			buildActionMask = 2147483647;
			files = (
			);
			inputPaths = (
				"${SRCROOT}/Pods/Target Support Files/Pods-GYMBUDDY/Pods-GYMBUDDY-frameworks.sh",
				"${BUILT_PRODUCTS_DIR}/GTMSessionFetcher/GTMSessionFetcher.framework",
				"${BUILT_PRODUCTS_DIR}/GoogleToolboxForMac/GoogleToolboxForMac.framework",
				"${BUILT_PRODUCTS_DIR}/leveldb-library/leveldb.framework",
				"${BUILT_PRODUCTS_DIR}/nanopb/nanopb.framework",
			);
			name = "[CP] Embed Pods Frameworks";
			outputPaths = (
				"${TARGET_BUILD_DIR}/${FRAMEWORKS_FOLDER_PATH}/GTMSessionFetcher.framework",
				"${TARGET_BUILD_DIR}/${FRAMEWORKS_FOLDER_PATH}/GoogleToolboxForMac.framework",
				"${TARGET_BUILD_DIR}/${FRAMEWORKS_FOLDER_PATH}/leveldb.framework",
				"${TARGET_BUILD_DIR}/${FRAMEWORKS_FOLDER_PATH}/nanopb.framework",
			);
			runOnlyForDeploymentPostprocessing = 0;
			shellPath = /bin/sh;
			shellScript = "\"${SRCROOT}/Pods/Target Support Files/Pods-GYMBUDDY/Pods-GYMBUDDY-frameworks.sh\"\n";
			showEnvVarsInLog = 0;
		};
		DB5217535440C04495234A32 /* [CP] Check Pods Manifest.lock */ = {
			isa = PBXShellScriptBuildPhase;
			buildActionMask = 2147483647;
			files = (
			);
			inputPaths = (
				"${PODS_PODFILE_DIR_PATH}/Podfile.lock",
				"${PODS_ROOT}/Manifest.lock",
			);
			name = "[CP] Check Pods Manifest.lock";
			outputPaths = (
				"$(DERIVED_FILE_DIR)/Pods-GYMBUDDY-checkManifestLockResult.txt",
			);
			runOnlyForDeploymentPostprocessing = 0;
			shellPath = /bin/sh;
			shellScript = "diff \"${PODS_PODFILE_DIR_PATH}/Podfile.lock\" \"${PODS_ROOT}/Manifest.lock\" > /dev/null\nif [ $? != 0 ] ; then\n    # print error to STDERR\n    echo \"error: The sandbox is not in sync with the Podfile.lock. Run 'pod install' or update your CocoaPods installation.\" >&2\n    exit 1\nfi\n# This output is used by Xcode 'outputs' to avoid re-running this script phase.\necho \"SUCCESS\" > \"${SCRIPT_OUTPUT_FILE_0}\"\n";
			showEnvVarsInLog = 0;
		};
/* End PBXShellScriptBuildPhase section */

/* Begin PBXSourcesBuildPhase section */
		D11AC8E51F720C3400A9C3D5 /* Sources */ = {
			isa = PBXSourcesBuildPhase;
			buildActionMask = 2147483647;
			files = (
				D11AC8EF1F720C3400A9C3D5 /* ViewController.swift in Sources */,
				9804E3641F9860AA007D1173 /* DetailedWorkoutTableViewController.swift in Sources */,
				D11AC9111F735A2000A9C3D5 /* SignUpViewController.swift in Sources */,
				D11AC8ED1F720C3400A9C3D5 /* AppDelegate.swift in Sources */,
				D11AC9131F735C4B00A9C3D5 /* ResetPasswordViewController.swift in Sources */,
				9804E3651F9860AA007D1173 /* Home1ViewController.swift in Sources */,
				D11AC90B1F735A0B00A9C3D5 /* LoginViewController.swift in Sources */,
				D11AC9091F735A0600A9C3D5 /* HomeViewController.swift in Sources */,
			);
			runOnlyForDeploymentPostprocessing = 0;
		};
/* End PBXSourcesBuildPhase section */

/* Begin PBXVariantGroup section */
		D11AC8F01F720C3400A9C3D5 /* Main.storyboard */ = {
			isa = PBXVariantGroup;
			children = (
				D11AC8F11F720C3400A9C3D5 /* Base */,
			);
			name = Main.storyboard;
			sourceTree = "<group>";
		};
		D11AC8F51F720C3400A9C3D5 /* LaunchScreen.storyboard */ = {
			isa = PBXVariantGroup;
			children = (
				D11AC8F61F720C3500A9C3D5 /* Base */,
			);
			name = LaunchScreen.storyboard;
			sourceTree = "<group>";
		};
		D1D5877D1F74AFDE007EF939 /* HomePage.storyboard */ = {
			isa = PBXVariantGroup;
			children = (
				D1D5877E1F74AFDE007EF939 /* Base */,
			);
			name = HomePage.storyboard;
			sourceTree = "<group>";
		};
/* End PBXVariantGroup section */

/* Begin XCBuildConfiguration section */
		D11AC8F91F720C3500A9C3D5 /* Debug */ = {
			isa = XCBuildConfiguration;
			buildSettings = {
				ALWAYS_SEARCH_USER_PATHS = NO;
				CLANG_ANALYZER_NONNULL = YES;
				CLANG_ANALYZER_NUMBER_OBJECT_CONVERSION = YES_AGGRESSIVE;
				CLANG_CXX_LANGUAGE_STANDARD = "gnu++0x";
				CLANG_CXX_LIBRARY = "libc++";
				CLANG_ENABLE_MODULES = YES;
				CLANG_ENABLE_OBJC_ARC = YES;
				CLANG_WARN_BOOL_CONVERSION = YES;
				CLANG_WARN_CONSTANT_CONVERSION = YES;
				CLANG_WARN_DIRECT_OBJC_ISA_USAGE = YES_ERROR;
				CLANG_WARN_DOCUMENTATION_COMMENTS = YES;
				CLANG_WARN_EMPTY_BODY = YES;
				CLANG_WARN_ENUM_CONVERSION = YES;
				CLANG_WARN_INFINITE_RECURSION = YES;
				CLANG_WARN_INT_CONVERSION = YES;
				CLANG_WARN_OBJC_ROOT_CLASS = YES_ERROR;
				CLANG_WARN_SUSPICIOUS_MOVE = YES;
				CLANG_WARN_UNREACHABLE_CODE = YES;
				CLANG_WARN__DUPLICATE_METHOD_MATCH = YES;
				"CODE_SIGN_IDENTITY[sdk=iphoneos*]" = "iPhone Developer";
				COPY_PHASE_STRIP = NO;
				DEBUG_INFORMATION_FORMAT = dwarf;
				ENABLE_STRICT_OBJC_MSGSEND = YES;
				ENABLE_TESTABILITY = YES;
				GCC_C_LANGUAGE_STANDARD = gnu99;
				GCC_DYNAMIC_NO_PIC = NO;
				GCC_NO_COMMON_BLOCKS = YES;
				GCC_OPTIMIZATION_LEVEL = 0;
				GCC_PREPROCESSOR_DEFINITIONS = (
					"DEBUG=1",
					"$(inherited)",
				);
				GCC_WARN_64_TO_32_BIT_CONVERSION = YES;
				GCC_WARN_ABOUT_RETURN_TYPE = YES_ERROR;
				GCC_WARN_UNDECLARED_SELECTOR = YES;
				GCC_WARN_UNINITIALIZED_AUTOS = YES_AGGRESSIVE;
				GCC_WARN_UNUSED_FUNCTION = YES;
				GCC_WARN_UNUSED_VARIABLE = YES;
				IPHONEOS_DEPLOYMENT_TARGET = 10.3;
				MTL_ENABLE_DEBUG_INFO = YES;
				ONLY_ACTIVE_ARCH = YES;
				SDKROOT = iphoneos;
				SWIFT_ACTIVE_COMPILATION_CONDITIONS = DEBUG;
				SWIFT_OPTIMIZATION_LEVEL = "-Onone";
			};
			name = Debug;
		};
		D11AC8FA1F720C3500A9C3D5 /* Release */ = {
			isa = XCBuildConfiguration;
			buildSettings = {
				ALWAYS_SEARCH_USER_PATHS = NO;
				CLANG_ANALYZER_NONNULL = YES;
				CLANG_ANALYZER_NUMBER_OBJECT_CONVERSION = YES_AGGRESSIVE;
				CLANG_CXX_LANGUAGE_STANDARD = "gnu++0x";
				CLANG_CXX_LIBRARY = "libc++";
				CLANG_ENABLE_MODULES = YES;
				CLANG_ENABLE_OBJC_ARC = YES;
				CLANG_WARN_BOOL_CONVERSION = YES;
				CLANG_WARN_CONSTANT_CONVERSION = YES;
				CLANG_WARN_DIRECT_OBJC_ISA_USAGE = YES_ERROR;
				CLANG_WARN_DOCUMENTATION_COMMENTS = YES;
				CLANG_WARN_EMPTY_BODY = YES;
				CLANG_WARN_ENUM_CONVERSION = YES;
				CLANG_WARN_INFINITE_RECURSION = YES;
				CLANG_WARN_INT_CONVERSION = YES;
				CLANG_WARN_OBJC_ROOT_CLASS = YES_ERROR;
				CLANG_WARN_SUSPICIOUS_MOVE = YES;
				CLANG_WARN_UNREACHABLE_CODE = YES;
				CLANG_WARN__DUPLICATE_METHOD_MATCH = YES;
				"CODE_SIGN_IDENTITY[sdk=iphoneos*]" = "iPhone Developer";
				COPY_PHASE_STRIP = NO;
				DEBUG_INFORMATION_FORMAT = "dwarf-with-dsym";
				ENABLE_NS_ASSERTIONS = NO;
				ENABLE_STRICT_OBJC_MSGSEND = YES;
				GCC_C_LANGUAGE_STANDARD = gnu99;
				GCC_NO_COMMON_BLOCKS = YES;
				GCC_WARN_64_TO_32_BIT_CONVERSION = YES;
				GCC_WARN_ABOUT_RETURN_TYPE = YES_ERROR;
				GCC_WARN_UNDECLARED_SELECTOR = YES;
				GCC_WARN_UNINITIALIZED_AUTOS = YES_AGGRESSIVE;
				GCC_WARN_UNUSED_FUNCTION = YES;
				GCC_WARN_UNUSED_VARIABLE = YES;
				IPHONEOS_DEPLOYMENT_TARGET = 10.3;
				MTL_ENABLE_DEBUG_INFO = NO;
				SDKROOT = iphoneos;
				SWIFT_OPTIMIZATION_LEVEL = "-Owholemodule";
				VALIDATE_PRODUCT = YES;
			};
			name = Release;
		};
		D11AC8FC1F720C3500A9C3D5 /* Debug */ = {
			isa = XCBuildConfiguration;
			baseConfigurationReference = 9F4A1C13729DFBD97370EF0F /* Pods-GYMBUDDY.debug.xcconfig */;
			buildSettings = {
				ASSETCATALOG_COMPILER_APPICON_NAME = AppIcon;
				DEVELOPMENT_TEAM = 65ZG9A9ZUZ;
				INFOPLIST_FILE = GYMBUDDY/Info.plist;
				LD_RUNPATH_SEARCH_PATHS = "$(inherited) @executable_path/Frameworks";
				PRODUCT_BUNDLE_IDENTIFIER = com.example.GYMBUDDY;
				PRODUCT_NAME = "$(TARGET_NAME)";
				SWIFT_VERSION = 3.0;
			};
			name = Debug;
		};
		D11AC8FD1F720C3500A9C3D5 /* Release */ = {
			isa = XCBuildConfiguration;
			baseConfigurationReference = 521E23A4D2160C99E6625775 /* Pods-GYMBUDDY.release.xcconfig */;
			buildSettings = {
				ASSETCATALOG_COMPILER_APPICON_NAME = AppIcon;
				DEVELOPMENT_TEAM = 65ZG9A9ZUZ;
				INFOPLIST_FILE = GYMBUDDY/Info.plist;
				LD_RUNPATH_SEARCH_PATHS = "$(inherited) @executable_path/Frameworks";
				PRODUCT_BUNDLE_IDENTIFIER = com.example.GYMBUDDY;
				PRODUCT_NAME = "$(TARGET_NAME)";
				SWIFT_VERSION = 3.0;
			};
			name = Release;
		};
/* End XCBuildConfiguration section */

/* Begin XCConfigurationList section */
		D11AC8E41F720C3400A9C3D5 /* Build configuration list for PBXProject "GYMBUDDY" */ = {
			isa = XCConfigurationList;
			buildConfigurations = (
				D11AC8F91F720C3500A9C3D5 /* Debug */,
				D11AC8FA1F720C3500A9C3D5 /* Release */,
			);
			defaultConfigurationIsVisible = 0;
			defaultConfigurationName = Release;
		};
		D11AC8FB1F720C3500A9C3D5 /* Build configuration list for PBXNativeTarget "GYMBUDDY" */ = {
			isa = XCConfigurationList;
			buildConfigurations = (
				D11AC8FC1F720C3500A9C3D5 /* Debug */,
				D11AC8FD1F720C3500A9C3D5 /* Release */,
			);
			defaultConfigurationIsVisible = 0;
			defaultConfigurationName = Release;
		};
/* End XCConfigurationList section */
	};
	rootObject = D11AC8E11F720C3400A9C3D5 /* Project object */;
}
